
Microsoft Visual Studio Solution File, Format Version 12.00
# Visual Studio Version 17
VisualStudioVersion = 17.11.35327.3
MinimumVisualStudioVersion = 10.0.40219.1
Project("{FAE04EC0-301F-11D3-BF4B-00C04F79EFBC}") = "ConsoleApp14", "ConsoleApp14\ConsoleApp14.csproj", "{2DEFC26F-6292-479B-92BB-5ADD57D1771E}"
EndProject
Global
	GlobalSection(SolutionConfigurationPlatforms) = preSolution
		Debug|Any CPU = Debug|Any CPU
		Release|Any CPU = Release|Any CPU
	EndGlobalSection
	GlobalSection(ProjectConfigurationPlatforms) = postSolution
		{2DEFC26F-6292-479B-92BB-5ADD57D1771E}.Debug|Any CPU.ActiveCfg = Debug|Any CPU
		{2DEFC26F-6292-479B-92BB-5ADD57D1771E}.Debug|Any CPU.Build.0 = Debug|Any CPU
		{2DEFC26F-6292-479B-92BB-5ADD57D1771E}.Release|Any CPU.ActiveCfg = Release|Any CPU
		{2DEFC26F-6292-479B-92BB-5ADD57D1771E}.Release|Any CPU.Build.0 = Release|Any CPU
	EndGlobalSection
	GlobalSection(SolutionProperties) = preSolution
		HideSolutionNode = FALSE
	EndGlobalSection
	GlobalSection(ExtensibilityGlobals) = postSolution
		SolutionGuid = {0959CC42-D479-467E-B42D-90548FA61A5F}
	EndGlobalSection
EndGlobal
